
Microsoft Visual Studio Solution File, Format Version 12.00
# Visual Studio Version 17
VisualStudioVersion = 17.13.35825.156 d17.13
MinimumVisualStudioVersion = 10.0.40219.1
Project("{FAE04EC0-301F-11D3-BF4B-00C04F79EFBC}") = "Puzzle016IslandEscape", "Puzzle016IslandEscape.csproj", "{D805D001-A275-437E-979C-9133FF71871B}"
EndProject
Global
	GlobalSection(SolutionConfigurationPlatforms) = preSolution
		Debug|Any CPU = Debug|Any CPU
		Release|Any CPU = Release|Any CPU
	EndGlobalSection
	GlobalSection(ProjectConfigurationPlatforms) = postSolution
		{D805D001-A275-437E-979C-9133FF71871B}.Debug|Any CPU.ActiveCfg = Debug|Any CPU
		{D805D001-A275-437E-979C-9133FF71871B}.Debug|Any CPU.Build.0 = Debug|Any CPU
		{D805D001-A275-437E-979C-9133FF71871B}.Release|Any CPU.ActiveCfg = Release|Any CPU
		{D805D001-A275-437E-979C-9133FF71871B}.Release|Any CPU.Build.0 = Release|Any CPU
	EndGlobalSection
	GlobalSection(SolutionProperties) = preSolution
		HideSolutionNode = FALSE
	EndGlobalSection
	GlobalSection(ExtensibilityGlobals) = postSolution
		SolutionGuid = {0AF63BB8-1E86-40F2-89CE-63310BF66DA8}
	EndGlobalSection
EndGlobal
