
Microsoft Visual Studio Solution File, Format Version 12.00
# Visual Studio 15
VisualStudioVersion = 15.0.28307.421
MinimumVisualStudioVersion = 10.0.40219.1
Project("{FAE04EC0-301F-11D3-BF4B-00C04F79EFBC}") = "Puzzle009ghost-legs", "Puzzle009ghost-legs\Puzzle009ghost-legs.csproj", "{1A4E0C7B-B396-4AE3-976F-870FBBC92B83}"
EndProject
Project("{FAE04EC0-301F-11D3-BF4B-00C04F79EFBC}") = "UnitTest", "UnitTest\UnitTest.csproj", "{E57E7B06-ABE5-4468-BEB3-22C5693A09E7}"
EndProject
Global
	GlobalSection(SolutionConfigurationPlatforms) = preSolution
		Debug|Any CPU = Debug|Any CPU
		Release|Any CPU = Release|Any CPU
	EndGlobalSection
	GlobalSection(ProjectConfigurationPlatforms) = postSolution
		{1A4E0C7B-B396-4AE3-976F-870FBBC92B83}.Debug|Any CPU.ActiveCfg = Debug|Any CPU
		{1A4E0C7B-B396-4AE3-976F-870FBBC92B83}.Debug|Any CPU.Build.0 = Debug|Any CPU
		{1A4E0C7B-B396-4AE3-976F-870FBBC92B83}.Release|Any CPU.ActiveCfg = Release|Any CPU
		{1A4E0C7B-B396-4AE3-976F-870FBBC92B83}.Release|Any CPU.Build.0 = Release|Any CPU
		{E57E7B06-ABE5-4468-BEB3-22C5693A09E7}.Debug|Any CPU.ActiveCfg = Debug|Any CPU
		{E57E7B06-ABE5-4468-BEB3-22C5693A09E7}.Debug|Any CPU.Build.0 = Debug|Any CPU
		{E57E7B06-ABE5-4468-BEB3-22C5693A09E7}.Release|Any CPU.ActiveCfg = Release|Any CPU
		{E57E7B06-ABE5-4468-BEB3-22C5693A09E7}.Release|Any CPU.Build.0 = Release|Any CPU
	EndGlobalSection
	GlobalSection(SolutionProperties) = preSolution
		HideSolutionNode = FALSE
	EndGlobalSection
	GlobalSection(ExtensibilityGlobals) = postSolution
		SolutionGuid = {177D1228-9DA9-4C38-921F-55DAD64E3675}
	EndGlobalSection
EndGlobal
