
Microsoft Visual Studio Solution File, Format Version 12.00
# Visual Studio 15
VisualStudioVersion = 15.0.28307.421
MinimumVisualStudioVersion = 10.0.40219.1
Project("{FAE04EC0-301F-11D3-BF4B-00C04F79EFBC}") = "Puzzle010-1d-spreadsheet", "Puzzle010-1d-spreadsheet\Puzzle010-1d-spreadsheet.csproj", "{EA94075B-44AB-4869-8B69-4D3BB74088D0}"
EndProject
Project("{FAE04EC0-301F-11D3-BF4B-00C04F79EFBC}") = "UnitTest", "UnitTest\UnitTest.csproj", "{25E425D8-6E34-4312-99BC-832AA496BBBF}"
EndProject
Global
	GlobalSection(SolutionConfigurationPlatforms) = preSolution
		Debug|Any CPU = Debug|Any CPU
		Release|Any CPU = Release|Any CPU
	EndGlobalSection
	GlobalSection(ProjectConfigurationPlatforms) = postSolution
		{EA94075B-44AB-4869-8B69-4D3BB74088D0}.Debug|Any CPU.ActiveCfg = Debug|Any CPU
		{EA94075B-44AB-4869-8B69-4D3BB74088D0}.Debug|Any CPU.Build.0 = Debug|Any CPU
		{EA94075B-44AB-4869-8B69-4D3BB74088D0}.Release|Any CPU.ActiveCfg = Release|Any CPU
		{EA94075B-44AB-4869-8B69-4D3BB74088D0}.Release|Any CPU.Build.0 = Release|Any CPU
		{25E425D8-6E34-4312-99BC-832AA496BBBF}.Debug|Any CPU.ActiveCfg = Debug|Any CPU
		{25E425D8-6E34-4312-99BC-832AA496BBBF}.Debug|Any CPU.Build.0 = Debug|Any CPU
		{25E425D8-6E34-4312-99BC-832AA496BBBF}.Release|Any CPU.ActiveCfg = Release|Any CPU
		{25E425D8-6E34-4312-99BC-832AA496BBBF}.Release|Any CPU.Build.0 = Release|Any CPU
	EndGlobalSection
	GlobalSection(SolutionProperties) = preSolution
		HideSolutionNode = FALSE
	EndGlobalSection
	GlobalSection(ExtensibilityGlobals) = postSolution
		SolutionGuid = {8198CB98-109C-489D-A5E8-01A5845E7043}
	EndGlobalSection
EndGlobal
